
Microsoft Visual Studio Solution File, Format Version 12.00
# Visual Studio Version 16
VisualStudioVersion = 16.0.30002.166
MinimumVisualStudioVersion = 10.0.40219.1
Project("{9A19103F-16F7-4668-BE54-9A1E7A4F7556}") = "Sender", "..\Sender\Sender.csproj", "{226E89E5-A48F-41E2-A191-DAD707F58EFD}"
EndProject
Project("{9A19103F-16F7-4668-BE54-9A1E7A4F7556}") = "Reciever", "..\Reciever\Reciever.csproj", "{707074FE-A391-460F-A8C7-2C272E179286}"
EndProject
Global
	GlobalSection(SolutionConfigurationPlatforms) = preSolution
		Debug|Any CPU = Debug|Any CPU
		Release|Any CPU = Release|Any CPU
	EndGlobalSection
	GlobalSection(ProjectConfigurationPlatforms) = postSolution
		{226E89E5-A48F-41E2-A191-DAD707F58EFD}.Debug|Any CPU.ActiveCfg = Debug|Any CPU
		{226E89E5-A48F-41E2-A191-DAD707F58EFD}.Debug|Any CPU.Build.0 = Debug|Any CPU
		{226E89E5-A48F-41E2-A191-DAD707F58EFD}.Release|Any CPU.ActiveCfg = Release|Any CPU
		{226E89E5-A48F-41E2-A191-DAD707F58EFD}.Release|Any CPU.Build.0 = Release|Any CPU
		{707074FE-A391-460F-A8C7-2C272E179286}.Debug|Any CPU.ActiveCfg = Debug|Any CPU
		{707074FE-A391-460F-A8C7-2C272E179286}.Debug|Any CPU.Build.0 = Debug|Any CPU
		{707074FE-A391-460F-A8C7-2C272E179286}.Release|Any CPU.ActiveCfg = Release|Any CPU
		{707074FE-A391-460F-A8C7-2C272E179286}.Release|Any CPU.Build.0 = Release|Any CPU
	EndGlobalSection
	GlobalSection(SolutionProperties) = preSolution
		HideSolutionNode = FALSE
	EndGlobalSection
	GlobalSection(ExtensibilityGlobals) = postSolution
		SolutionGuid = {8CD207A7-39A4-49E2-AD7A-520452A08E9D}
	EndGlobalSection
EndGlobal
